
Microsoft Visual Studio Solution File, Format Version 12.00
# Visual Studio Version 17
VisualStudioVersion = 17.6.33815.320
MinimumVisualStudioVersion = 10.0.40219.1
Project("{FAE04EC0-301F-11D3-BF4B-00C04F79EFBC}") = "lud", "lud\lud.csproj", "{E3545774-0FA9-4FAB-A9B8-A77337DD40FF}"
EndProject
Global
	GlobalSection(SolutionConfigurationPlatforms) = preSolution
		Debug|Any CPU = Debug|Any CPU
		Release|Any CPU = Release|Any CPU
	EndGlobalSection
	GlobalSection(ProjectConfigurationPlatforms) = postSolution
		{E3545774-0FA9-4FAB-A9B8-A77337DD40FF}.Debug|Any CPU.ActiveCfg = Debug|Any CPU
		{E3545774-0FA9-4FAB-A9B8-A77337DD40FF}.Debug|Any CPU.Build.0 = Debug|Any CPU
		{E3545774-0FA9-4FAB-A9B8-A77337DD40FF}.Release|Any CPU.ActiveCfg = Release|Any CPU
		{E3545774-0FA9-4FAB-A9B8-A77337DD40FF}.Release|Any CPU.Build.0 = Release|Any CPU
	EndGlobalSection
	GlobalSection(SolutionProperties) = preSolution
		HideSolutionNode = FALSE
	EndGlobalSection
	GlobalSection(ExtensibilityGlobals) = postSolution
		SolutionGuid = {539E5EDB-BBF2-441A-8F1C-E47E718EA6B9}
	EndGlobalSection
EndGlobal
